
Microsoft Visual Studio Solution File, Format Version 12.00
# Visual Studio Version 16
VisualStudioVersion = 16.0.29424.173
MinimumVisualStudioVersion = 10.0.40219.1
Project("{FAE04EC0-301F-11D3-BF4B-00C04F79EFBC}") = "FullStackDoorloopBrugKlas", "FullStackDoorloopBrugKlas\FullStackDoorloopBrugKlas.csproj", "{5E8EC0D9-4017-4B62-9A95-172BB6EF79F8}"
EndProject
Project("{FAE04EC0-301F-11D3-BF4B-00C04F79EFBC}") = "DBFSDoorloop", "DBFSDoorloop\DBFSDoorloop.csproj", "{909D34C0-E41D-4744-B8F7-9009A452E1CD}"
EndProject
Global
	GlobalSection(SolutionConfigurationPlatforms) = preSolution
		Debug|Any CPU = Debug|Any CPU
		Release|Any CPU = Release|Any CPU
	EndGlobalSection
	GlobalSection(ProjectConfigurationPlatforms) = postSolution
		{5E8EC0D9-4017-4B62-9A95-172BB6EF79F8}.Debug|Any CPU.ActiveCfg = Debug|Any CPU
		{5E8EC0D9-4017-4B62-9A95-172BB6EF79F8}.Debug|Any CPU.Build.0 = Debug|Any CPU
		{5E8EC0D9-4017-4B62-9A95-172BB6EF79F8}.Release|Any CPU.ActiveCfg = Release|Any CPU
		{5E8EC0D9-4017-4B62-9A95-172BB6EF79F8}.Release|Any CPU.Build.0 = Release|Any CPU
		{909D34C0-E41D-4744-B8F7-9009A452E1CD}.Debug|Any CPU.ActiveCfg = Debug|Any CPU
		{909D34C0-E41D-4744-B8F7-9009A452E1CD}.Debug|Any CPU.Build.0 = Debug|Any CPU
		{909D34C0-E41D-4744-B8F7-9009A452E1CD}.Release|Any CPU.ActiveCfg = Release|Any CPU
		{909D34C0-E41D-4744-B8F7-9009A452E1CD}.Release|Any CPU.Build.0 = Release|Any CPU
	EndGlobalSection
	GlobalSection(SolutionProperties) = preSolution
		HideSolutionNode = FALSE
	EndGlobalSection
	GlobalSection(ExtensibilityGlobals) = postSolution
		SolutionGuid = {AC277A76-B114-4153-A406-48228B3013A2}
	EndGlobalSection
EndGlobal
